// !$*UTF8*$!
{
	archiveVersion = 1;
	classes = {
	};
	objectVersion = 46;
	objects = {

/* Begin PBXBuildFile section */
		BEA8CDE31E7DAF11007C73EE /* AppDelegate.swift in Sources */ = {isa = PBXBuildFile; fileRef = BEA8CDE21E7DAF11007C73EE /* AppDelegate.swift */; };
		BEA8CDE51E7DAF11007C73EE /* ViewController.swift in Sources */ = {isa = PBXBuildFile; fileRef = BEA8CDE41E7DAF11007C73EE /* ViewController.swift */; };
		BEA8CDE81E7DAF11007C73EE /* Main.storyboard in Resources */ = {isa = PBXBuildFile; fileRef = BEA8CDE61E7DAF11007C73EE /* Main.storyboard */; };
		BEA8CDEA1E7DAF11007C73EE /* Assets.xcassets in Resources */ = {isa = PBXBuildFile; fileRef = BEA8CDE91E7DAF11007C73EE /* Assets.xcassets */; };
		BEA8CDED1E7DAF11007C73EE /* LaunchScreen.storyboard in Resources */ = {isa = PBXBuildFile; fileRef = BEA8CDEB1E7DAF11007C73EE /* LaunchScreen.storyboard */; };
		BEA8CDF51E7DB6BF007C73EE /* AgentSuiteStyle.swift in Sources */ = {isa = PBXBuildFile; fileRef = BEA8CDF41E7DB6BF007C73EE /* AgentSuiteStyle.swift */; };
/* End PBXBuildFile section */

/* Begin PBXFileReference section */
		BEA8CDDF1E7DAF11007C73EE /* Project2.app */ = {isa = PBXFileReference; explicitFileType = wrapper.application; includeInIndex = 0; path = Project2.app; sourceTree = BUILT_PRODUCTS_DIR; };
		BEA8CDE21E7DAF11007C73EE /* AppDelegate.swift */ = {isa = PBXFileReference; lastKnownFileType = sourcecode.swift; path = AppDelegate.swift; sourceTree = "<group>"; };
		BEA8CDE41E7DAF11007C73EE /* ViewController.swift */ = {isa = PBXFileReference; lastKnownFileType = sourcecode.swift; path = ViewController.swift; sourceTree = "<group>"; };
		BEA8CDE71E7DAF11007C73EE /* Base */ = {isa = PBXFileReference; lastKnownFileType = file.storyboard; name = Base; path = Base.lproj/Main.storyboard; sourceTree = "<group>"; };
		BEA8CDE91E7DAF11007C73EE /* Assets.xcassets */ = {isa = PBXFileReference; lastKnownFileType = folder.assetcatalog; path = Assets.xcassets; sourceTree = "<group>"; };
		BEA8CDEC1E7DAF11007C73EE /* Base */ = {isa = PBXFileReference; lastKnownFileType = file.storyboard; name = Base; path = Base.lproj/LaunchScreen.storyboard; sourceTree = "<group>"; };
		BEA8CDEE1E7DAF11007C73EE /* Info.plist */ = {isa = PBXFileReference; lastKnownFileType = text.plist.xml; path = Info.plist; sourceTree = "<group>"; };
		BEA8CDF41E7DB6BF007C73EE /* AgentSuiteStyle.swift */ = {isa = PBXFileReference; fileEncoding = 4; lastKnownFileType = sourcecode.swift; path = AgentSuiteStyle.swift; sourceTree = "<group>"; };
/* End PBXFileReference section */

/* Begin PBXFrameworksBuildPhase section */
		BEA8CDDC1E7DAF11007C73EE /* Frameworks */ = {
			isa = PBXFrameworksBuildPhase;
			buildActionMask = 2147483647;
			files = (
			);
			runOnlyForDeploymentPostprocessing = 0;
		};
/* End PBXFrameworksBuildPhase section */

/* Begin PBXGroup section */
		BEA8CDD61E7DAF11007C73EE = {
			isa = PBXGroup;
			children = (
				BEA8CDE11E7DAF11007C73EE /* Project2 */,
				BEA8CDE01E7DAF11007C73EE /* Products */,
			);
			sourceTree = "<group>";
		};
		BEA8CDE01E7DAF11007C73EE /* Products */ = {
			isa = PBXGroup;
			children = (
				BEA8CDDF1E7DAF11007C73EE /* Project2.app */,
			);
			name = Products;
			sourceTree = "<group>";
		};
		BEA8CDE11E7DAF11007C73EE /* Project2 */ = {
			isa = PBXGroup;
			children = (
				BEA8CDE21E7DAF11007C73EE /* AppDelegate.swift */,
				BEA8CDE41E7DAF11007C73EE /* ViewController.swift */,
				BEA8CDE61E7DAF11007C73EE /* Main.storyboard */,
				BEA8CDE91E7DAF11007C73EE /* Assets.xcassets */,
				BEA8CDEB1E7DAF11007C73EE /* LaunchScreen.storyboard */,
				BEA8CDEE1E7DAF11007C73EE /* Info.plist */,
				BEA8CDF41E7DB6BF007C73EE /* AgentSuiteStyle.swift */,
			);
			path = Project2;
			sourceTree = "<group>";
		};
/* End PBXGroup section */

/* Begin PBXNativeTarget section */
		BEA8CDDE1E7DAF11007C73EE /* Project2 */ = {
			isa = PBXNativeTarget;
			buildConfigurationList = BEA8CDF11E7DAF11007C73EE /* Build configuration list for PBXNativeTarget "Project2" */;
			buildPhases = (
				BEA8CDDB1E7DAF11007C73EE /* Sources */,
				BEA8CDDC1E7DAF11007C73EE /* Frameworks */,
				BEA8CDDD1E7DAF11007C73EE /* Resources */,
			);
			buildRules = (
			);
			dependencies = (
			);
			name = Project2;
			productName = Project2;
			productReference = BEA8CDDF1E7DAF11007C73EE /* Project2.app */;
			productType = "com.apple.product-type.application";
		};
/* End PBXNativeTarget section */

/* Begin PBXProject section */
		BEA8CDD71E7DAF11007C73EE /* Project object */ = {
			isa = PBXProject;
			attributes = {
				LastSwiftUpdateCheck = 0820;
				LastUpgradeCheck = 0820;
				ORGANIZATIONNAME = Eldon;
				TargetAttributes = {
					BEA8CDDE1E7DAF11007C73EE = {
						CreatedOnToolsVersion = 8.2.1;
						DevelopmentTeam = LQY7Q4QMHY;
						ProvisioningStyle = Automatic;
					};
				};
			};
			buildConfigurationList = BEA8CDDA1E7DAF11007C73EE /* Build configuration list for PBXProject "Project2" */;
			compatibilityVersion = "Xcode 3.2";
			developmentRegion = English;
			hasScannedForEncodings = 0;
			knownRegions = (
				en,
				Base,
			);
			mainGroup = BEA8CDD61E7DAF11007C73EE;
			productRefGroup = BEA8CDE01E7DAF11007C73EE /* Products */;
			projectDirPath = "";
			projectRoot = "";
			targets = (
				BEA8CDDE1E7DAF11007C73EE /* Project2 */,
			);
		};
/* End PBXProject section */

/* Begin PBXResourcesBuildPhase section */
		BEA8CDDD1E7DAF11007C73EE /* Resources */ = {
			isa = PBXResourcesBuildPhase;
			buildActionMask = 2147483647;
			files = (
				BEA8CDED1E7DAF11007C73EE /* LaunchScreen.storyboard in Resources */,
				BEA8CDEA1E7DAF11007C73EE /* Assets.xcassets in Resources */,
				BEA8CDE81E7DAF11007C73EE /* Main.storyboard in Resources */,
			);
			runOnlyForDeploymentPostprocessing = 0;
		};
/* End PBXResourcesBuildPhase section */

/* Begin PBXSourcesBuildPhase section */
		BEA8CDDB1E7DAF11007C73EE /* Sources */ = {
			isa = PBXSourcesBuildPhase;
			buildActionMask = 2147483647;
			files = (
				BEA8CDE51E7DAF11007C73EE /* ViewController.swift in Sources */,
				BEA8CDF51E7DB6BF007C73EE /* AgentSuiteStyle.swift in Sources */,
				BEA8CDE31E7DAF11007C73EE /* AppDelegate.swift in Sources */,
			);
			runOnlyForDeploymentPostprocessing = 0;
		};
/* End PBXSourcesBuildPhase section */

/* Begin PBXVariantGroup section */
		BEA8CDE61E7DAF11007C73EE /* Main.storyboard */ = {
			isa = PBXVariantGroup;
			children = (
				BEA8CDE71E7DAF11007C73EE /* Base */,
			);
			name = Main.storyboard;
			sourceTree = "<group>";
		};
		BEA8CDEB1E7DAF11007C73EE /* LaunchScreen.storyboard */ = {
			isa = PBXVariantGroup;
			children = (
				BEA8CDEC1E7DAF11007C73EE /* Base */,
			);
			name = LaunchScreen.storyboard;
			sourceTree = "<group>";
		};
/* End PBXVariantGroup section */

/* Begin XCBuildConfiguration section */
		BEA8CDEF1E7DAF11007C73EE /* Debug */ = {
			isa = XCBuildConfiguration;
			buildSettings = {
				ALWAYS_SEARCH_USER_PATHS = NO;
				CLANG_ANALYZER_NONNULL = YES;
				CLANG_CXX_LANGUAGE_STANDARD = "gnu++0x";
				CLANG_CXX_LIBRARY = "libc++";
				CLANG_ENABLE_MODULES = YES;
				CLANG_ENABLE_OBJC_ARC = YES;
				CLANG_WARN_BOOL_CONVERSION = YES;
				CLANG_WARN_CONSTANT_CONVERSION = YES;
				CLANG_WARN_DIRECT_OBJC_ISA_USAGE = YES_ERROR;
				CLANG_WARN_DOCUMENTATION_COMMENTS = YES;
				CLANG_WARN_EMPTY_BODY = YES;
				CLANG_WARN_ENUM_CONVERSION = YES;
				CLANG_WARN_INFINITE_RECURSION = YES;
				CLANG_WARN_INT_CONVERSION = YES;
				CLANG_WARN_OBJC_ROOT_CLASS = YES_ERROR;
				CLANG_WARN_SUSPICIOUS_MOVE = YES;
				CLANG_WARN_UNREACHABLE_CODE = YES;
				CLANG_WARN__DUPLICATE_METHOD_MATCH = YES;
				"CODE_SIGN_IDENTITY[sdk=iphoneos*]" = "iPhone Developer";
				COPY_PHASE_STRIP = NO;
				DEBUG_INFORMATION_FORMAT = dwarf;
				ENABLE_STRICT_OBJC_MSGSEND = YES;
				ENABLE_TESTABILITY = YES;
				GCC_C_LANGUAGE_STANDARD = gnu99;
				GCC_DYNAMIC_NO_PIC = NO;
				GCC_NO_COMMON_BLOCKS = YES;
				GCC_OPTIMIZATION_LEVEL = 0;
				GCC_PREPROCESSOR_DEFINITIONS = (
					"DEBUG=1",
					"$(inherited)",
				);
				GCC_WARN_64_TO_32_BIT_CONVERSION = YES;
				GCC_WARN_ABOUT_RETURN_TYPE = YES_ERROR;
				GCC_WARN_UNDECLARED_SELECTOR = YES;
				GCC_WARN_UNINITIALIZED_AUTOS = YES_AGGRESSIVE;
				GCC_WARN_UNUSED_FUNCTION = YES;
				GCC_WARN_UNUSED_VARIABLE = YES;
				IPHONEOS_DEPLOYMENT_TARGET = 10.2;
				MTL_ENABLE_DEBUG_INFO = YES;
				ONLY_ACTIVE_ARCH = YES;
				SDKROOT = iphoneos;
				SWIFT_ACTIVE_COMPILATION_CONDITIONS = DEBUG;
				SWIFT_OPTIMIZATION_LEVEL = "-Onone";
			};
			name = Debug;
		};
		BEA8CDF01E7DAF11007C73EE /* Release */ = {
			isa = XCBuildConfiguration;
			buildSettings = {
				ALWAYS_SEARCH_USER_PATHS = NO;
				CLANG_ANALYZER_NONNULL = YES;
				CLANG_CXX_LANGUAGE_STANDARD = "gnu++0x";
				CLANG_CXX_LIBRARY = "libc++";
				CLANG_ENABLE_MODULES = YES;
				CLANG_ENABLE_OBJC_ARC = YES;
				CLANG_WARN_BOOL_CONVERSION = YES;
				CLANG_WARN_CONSTANT_CONVERSION = YES;
				CLANG_WARN_DIRECT_OBJC_ISA_USAGE = YES_ERROR;
				CLANG_WARN_DOCUMENTATION_COMMENTS = YES;
				CLANG_WARN_EMPTY_BODY = YES;
				CLANG_WARN_ENUM_CONVERSION = YES;
				CLANG_WARN_INFINITE_RECURSION = YES;
				CLANG_WARN_INT_CONVERSION = YES;
				CLANG_WARN_OBJC_ROOT_CLASS = YES_ERROR;
				CLANG_WARN_SUSPICIOUS_MOVE = YES;
				CLANG_WARN_UNREACHABLE_CODE = YES;
				CLANG_WARN__DUPLICATE_METHOD_MATCH = YES;
				"CODE_SIGN_IDENTITY[sdk=iphoneos*]" = "iPhone Developer";
				COPY_PHASE_STRIP = NO;
				DEBUG_INFORMATION_FORMAT = "dwarf-with-dsym";
				ENABLE_NS_ASSERTIONS = NO;
				ENABLE_STRICT_OBJC_MSGSEND = YES;
				GCC_C_LANGUAGE_STANDARD = gnu99;
				GCC_NO_COMMON_BLOCKS = YES;
				GCC_WARN_64_TO_32_BIT_CONVERSION = YES;
				GCC_WARN_ABOUT_RETURN_TYPE = YES_ERROR;
				GCC_WARN_UNDECLARED_SELECTOR = YES;
				GCC_WARN_UNINITIALIZED_AUTOS = YES_AGGRESSIVE;
				GCC_WARN_UNUSED_FUNCTION = YES;
				GCC_WARN_UNUSED_VARIABLE = YES;
				IPHONEOS_DEPLOYMENT_TARGET = 10.2;
				MTL_ENABLE_DEBUG_INFO = NO;
				SDKROOT = iphoneos;
				SWIFT_OPTIMIZATION_LEVEL = "-Owholemodule";
				VALIDATE_PRODUCT = YES;
			};
			name = Release;
		};
		BEA8CDF21E7DAF11007C73EE /* Debug */ = {
			isa = XCBuildConfiguration;
			buildSettings = {
				ASSETCATALOG_COMPILER_APPICON_NAME = AppIcon;
				DEVELOPMENT_TEAM = LQY7Q4QMHY;
				INFOPLIST_FILE = Project2/Info.plist;
				LD_RUNPATH_SEARCH_PATHS = "$(inherited) @executable_path/Frameworks";
				PRODUCT_BUNDLE_IDENTIFIER = Eldon.Project2;
				PRODUCT_NAME = "$(TARGET_NAME)";
				SWIFT_VERSION = 3.0;
			};
			name = Debug;
		};
		BEA8CDF31E7DAF11007C73EE /* Release */ = {
			isa = XCBuildConfiguration;
			buildSettings = {
				ASSETCATALOG_COMPILER_APPICON_NAME = AppIcon;
				DEVELOPMENT_TEAM = LQY7Q4QMHY;
				INFOPLIST_FILE = Project2/Info.plist;
				LD_RUNPATH_SEARCH_PATHS = "$(inherited) @executable_path/Frameworks";
				PRODUCT_BUNDLE_IDENTIFIER = Eldon.Project2;
				PRODUCT_NAME = "$(TARGET_NAME)";
				SWIFT_VERSION = 3.0;
			};
			name = Release;
		};
/* End XCBuildConfiguration section */

/* Begin XCConfigurationList section */
		BEA8CDDA1E7DAF11007C73EE /* Build configuration list for PBXProject "Project2" */ = {
			isa = XCConfigurationList;
			buildConfigurations = (
				BEA8CDEF1E7DAF11007C73EE /* Debug */,
				BEA8CDF01E7DAF11007C73EE /* Release */,
			);
			defaultConfigurationIsVisible = 0;
			defaultConfigurationName = Release;
		};
		BEA8CDF11E7DAF11007C73EE /* Build configuration list for PBXNativeTarget "Project2" */ = {
			isa = XCConfigurationList;
			buildConfigurations = (
				BEA8CDF21E7DAF11007C73EE /* Debug */,
				BEA8CDF31E7DAF11007C73EE /* Release */,
			);
			defaultConfigurationIsVisible = 0;
		};
/* End XCConfigurationList section */
	};
	rootObject = BEA8CDD71E7DAF11007C73EE /* Project object */;
}
